
Microsoft Visual Studio Solution File, Format Version 12.00
# Visual Studio 14
VisualStudioVersion = 14.0.23107.0
MinimumVisualStudioVersion = 10.0.40219.1
Project("{FAE04EC0-301F-11D3-BF4B-00C04F79EFBC}") = "Lending.Domain", "Lending.Domain\Lending.Domain.csproj", "{4FE3AFD5-FF4C-4FA6-990A-C7F9CCE9441F}"
EndProject
Project("{FAE04EC0-301F-11D3-BF4B-00C04F79EFBC}") = "Tests", "Tests\Tests.csproj", "{64F96744-8154-4C2A-9539-F5B0A1982935}"
EndProject
Project("{FAE04EC0-301F-11D3-BF4B-00C04F79EFBC}") = "Lending.Execution", "Lending.Execution\Lending.Execution.csproj", "{488340DB-6745-4390-BB41-9D5F81A2005D}"
EndProject
Project("{FAE04EC0-301F-11D3-BF4B-00C04F79EFBC}") = "Shell", "Shell\Shell.csproj", "{A135F3D2-1ADE-489F-A62E-3FE4C5917A1B}"
EndProject
Project("{FAE04EC0-301F-11D3-BF4B-00C04F79EFBC}") = "Lending.Web", "Lending.Web\Lending.Web.csproj", "{98F1233F-6CA0-4609-AB11-E6047CF38E0F}"
EndProject
Project("{FAE04EC0-301F-11D3-BF4B-00C04F79EFBC}") = "Lending.Cqrs", "Lending.Cqrs\Lending.Cqrs.csproj", "{1B28C9A2-4759-4B29-A773-77FBA448069B}"
EndProject
Project("{2150E333-8FDC-42A3-9474-1A3956D46DE8}") = "Solution Items", "Solution Items", "{41BE25C6-1F98-450E-81FF-F9CDE3C30443}"
	ProjectSection(SolutionItems) = preProject
		README.md = README.md
	EndProjectSection
EndProject
Project("{FAE04EC0-301F-11D3-BF4B-00C04F79EFBC}") = "Lending.ReadModels", "Lending.ReadModels\Lending.ReadModels.csproj", "{1C5E7E03-E256-42A2-A3E5-039D56692DBD}"
EndProject
Global
	GlobalSection(SolutionConfigurationPlatforms) = preSolution
		Debug|Any CPU = Debug|Any CPU
		Release|Any CPU = Release|Any CPU
	EndGlobalSection
	GlobalSection(ProjectConfigurationPlatforms) = postSolution
		{4FE3AFD5-FF4C-4FA6-990A-C7F9CCE9441F}.Debug|Any CPU.ActiveCfg = Debug|Any CPU
		{4FE3AFD5-FF4C-4FA6-990A-C7F9CCE9441F}.Debug|Any CPU.Build.0 = Debug|Any CPU
		{4FE3AFD5-FF4C-4FA6-990A-C7F9CCE9441F}.Release|Any CPU.ActiveCfg = Release|Any CPU
		{4FE3AFD5-FF4C-4FA6-990A-C7F9CCE9441F}.Release|Any CPU.Build.0 = Release|Any CPU
		{64F96744-8154-4C2A-9539-F5B0A1982935}.Debug|Any CPU.ActiveCfg = Debug|Any CPU
		{64F96744-8154-4C2A-9539-F5B0A1982935}.Debug|Any CPU.Build.0 = Debug|Any CPU
		{64F96744-8154-4C2A-9539-F5B0A1982935}.Release|Any CPU.ActiveCfg = Release|Any CPU
		{64F96744-8154-4C2A-9539-F5B0A1982935}.Release|Any CPU.Build.0 = Release|Any CPU
		{488340DB-6745-4390-BB41-9D5F81A2005D}.Debug|Any CPU.ActiveCfg = Debug|Any CPU
		{488340DB-6745-4390-BB41-9D5F81A2005D}.Debug|Any CPU.Build.0 = Debug|Any CPU
		{488340DB-6745-4390-BB41-9D5F81A2005D}.Release|Any CPU.ActiveCfg = Release|Any CPU
		{488340DB-6745-4390-BB41-9D5F81A2005D}.Release|Any CPU.Build.0 = Release|Any CPU
		{A135F3D2-1ADE-489F-A62E-3FE4C5917A1B}.Debug|Any CPU.ActiveCfg = Debug|Any CPU
		{A135F3D2-1ADE-489F-A62E-3FE4C5917A1B}.Debug|Any CPU.Build.0 = Debug|Any CPU
		{A135F3D2-1ADE-489F-A62E-3FE4C5917A1B}.Release|Any CPU.ActiveCfg = Release|Any CPU
		{A135F3D2-1ADE-489F-A62E-3FE4C5917A1B}.Release|Any CPU.Build.0 = Release|Any CPU
		{98F1233F-6CA0-4609-AB11-E6047CF38E0F}.Debug|Any CPU.ActiveCfg = Debug|Any CPU
		{98F1233F-6CA0-4609-AB11-E6047CF38E0F}.Debug|Any CPU.Build.0 = Debug|Any CPU
		{98F1233F-6CA0-4609-AB11-E6047CF38E0F}.Release|Any CPU.ActiveCfg = Release|Any CPU
		{98F1233F-6CA0-4609-AB11-E6047CF38E0F}.Release|Any CPU.Build.0 = Release|Any CPU
		{1B28C9A2-4759-4B29-A773-77FBA448069B}.Debug|Any CPU.ActiveCfg = Debug|Any CPU
		{1B28C9A2-4759-4B29-A773-77FBA448069B}.Debug|Any CPU.Build.0 = Debug|Any CPU
		{1B28C9A2-4759-4B29-A773-77FBA448069B}.Release|Any CPU.ActiveCfg = Release|Any CPU
		{1B28C9A2-4759-4B29-A773-77FBA448069B}.Release|Any CPU.Build.0 = Release|Any CPU
		{1C5E7E03-E256-42A2-A3E5-039D56692DBD}.Debug|Any CPU.ActiveCfg = Debug|Any CPU
		{1C5E7E03-E256-42A2-A3E5-039D56692DBD}.Debug|Any CPU.Build.0 = Debug|Any CPU
		{1C5E7E03-E256-42A2-A3E5-039D56692DBD}.Release|Any CPU.ActiveCfg = Release|Any CPU
		{1C5E7E03-E256-42A2-A3E5-039D56692DBD}.Release|Any CPU.Build.0 = Release|Any CPU
	EndGlobalSection
	GlobalSection(SolutionProperties) = preSolution
		HideSolutionNode = FALSE
	EndGlobalSection
EndGlobal
