
Microsoft Visual Studio Solution File, Format Version 12.00
# Visual Studio 14
VisualStudioVersion = 14.0.25420.1
MinimumVisualStudioVersion = 10.0.40219.1
Project("{FAE04EC0-301F-11D3-BF4B-00C04F79EFBC}") = "Lending.Domain", "Lending.Domain\Lending.Domain.csproj", "{4FE3AFD5-FF4C-4FA6-990A-C7F9CCE9441F}"
EndProject
Project("{FAE04EC0-301F-11D3-BF4B-00C04F79EFBC}") = "Tests", "Tests\Tests.csproj", "{64F96744-8154-4C2A-9539-F5B0A1982935}"
EndProject
Project("{FAE04EC0-301F-11D3-BF4B-00C04F79EFBC}") = "Lending.Execution", "Lending.Execution\Lending.Execution.csproj", "{488340DB-6745-4390-BB41-9D5F81A2005D}"
EndProject
Project("{FAE04EC0-301F-11D3-BF4B-00C04F79EFBC}") = "Shell", "Shell\Shell.csproj", "{A135F3D2-1ADE-489F-A62E-3FE4C5917A1B}"
EndProject
Project("{FAE04EC0-301F-11D3-BF4B-00C04F79EFBC}") = "Lending.Web", "Lending.Web\Lending.Web.csproj", "{98F1233F-6CA0-4609-AB11-E6047CF38E0F}"
EndProject
Project("{FAE04EC0-301F-11D3-BF4B-00C04F79EFBC}") = "Joshishilewis.Cqrs", "Joshilewis.Cqrs\Joshishilewis.Cqrs.csproj", "{1B28C9A2-4759-4B29-A773-77FBA448069B}"
EndProject
Project("{2150E333-8FDC-42A3-9474-1A3956D46DE8}") = "Solution Items", "Solution Items", "{41BE25C6-1F98-450E-81FF-F9CDE3C30443}"
	ProjectSection(SolutionItems) = preProject
		README.md = README.md
	EndProjectSection
EndProject
Project("{FAE04EC0-301F-11D3-BF4B-00C04F79EFBC}") = "Lending.ReadModels", "Lending.ReadModels\Lending.ReadModels.csproj", "{1C5E7E03-E256-42A2-A3E5-039D56692DBD}"
EndProject
Project("{2150E333-8FDC-42A3-9474-1A3956D46DE8}") = "Infrastructure", "Infrastructure", "{A5B6319F-9323-4C12-A686-ACBAF8B4C2B6}"
EndProject
Project("{FAE04EC0-301F-11D3-BF4B-00C04F79EFBC}") = "Joshilewis.Infrastructure", "Joshilewis.Infrastructure\Joshilewis.Infrastructure.csproj", "{64BE32BA-9279-400C-93E9-FB0C6D2A9A0A}"
EndProject
Project("{FAE04EC0-301F-11D3-BF4B-00C04F79EFBC}") = "Joshilewis.Testing", "Joshilewis.Testing\Joshilewis.Testing.csproj", "{18B5BD37-28B5-45B1-A346-4FA4E331AAB6}"
EndProject
Global
	GlobalSection(SolutionConfigurationPlatforms) = preSolution
		Debug|Any CPU = Debug|Any CPU
		Debug|x64 = Debug|x64
		Debug|x86 = Debug|x86
		Release|Any CPU = Release|Any CPU
		Release|x64 = Release|x64
		Release|x86 = Release|x86
	EndGlobalSection
	GlobalSection(ProjectConfigurationPlatforms) = postSolution
		{4FE3AFD5-FF4C-4FA6-990A-C7F9CCE9441F}.Debug|Any CPU.ActiveCfg = Debug|Any CPU
		{4FE3AFD5-FF4C-4FA6-990A-C7F9CCE9441F}.Debug|Any CPU.Build.0 = Debug|Any CPU
		{4FE3AFD5-FF4C-4FA6-990A-C7F9CCE9441F}.Debug|x64.ActiveCfg = Debug|x64
		{4FE3AFD5-FF4C-4FA6-990A-C7F9CCE9441F}.Debug|x64.Build.0 = Debug|x64
		{4FE3AFD5-FF4C-4FA6-990A-C7F9CCE9441F}.Debug|x86.ActiveCfg = Debug|x86
		{4FE3AFD5-FF4C-4FA6-990A-C7F9CCE9441F}.Debug|x86.Build.0 = Debug|x86
		{4FE3AFD5-FF4C-4FA6-990A-C7F9CCE9441F}.Release|Any CPU.ActiveCfg = Release|Any CPU
		{4FE3AFD5-FF4C-4FA6-990A-C7F9CCE9441F}.Release|Any CPU.Build.0 = Release|Any CPU
		{4FE3AFD5-FF4C-4FA6-990A-C7F9CCE9441F}.Release|x64.ActiveCfg = Release|x64
		{4FE3AFD5-FF4C-4FA6-990A-C7F9CCE9441F}.Release|x64.Build.0 = Release|x64
		{4FE3AFD5-FF4C-4FA6-990A-C7F9CCE9441F}.Release|x86.ActiveCfg = Release|x86
		{4FE3AFD5-FF4C-4FA6-990A-C7F9CCE9441F}.Release|x86.Build.0 = Release|x86
		{64F96744-8154-4C2A-9539-F5B0A1982935}.Debug|Any CPU.ActiveCfg = Debug|Any CPU
		{64F96744-8154-4C2A-9539-F5B0A1982935}.Debug|Any CPU.Build.0 = Debug|Any CPU
		{64F96744-8154-4C2A-9539-F5B0A1982935}.Debug|x64.ActiveCfg = Debug|x64
		{64F96744-8154-4C2A-9539-F5B0A1982935}.Debug|x64.Build.0 = Debug|x64
		{64F96744-8154-4C2A-9539-F5B0A1982935}.Debug|x86.ActiveCfg = Debug|x86
		{64F96744-8154-4C2A-9539-F5B0A1982935}.Debug|x86.Build.0 = Debug|x86
		{64F96744-8154-4C2A-9539-F5B0A1982935}.Release|Any CPU.ActiveCfg = Release|Any CPU
		{64F96744-8154-4C2A-9539-F5B0A1982935}.Release|Any CPU.Build.0 = Release|Any CPU
		{64F96744-8154-4C2A-9539-F5B0A1982935}.Release|x64.ActiveCfg = Release|x64
		{64F96744-8154-4C2A-9539-F5B0A1982935}.Release|x64.Build.0 = Release|x64
		{64F96744-8154-4C2A-9539-F5B0A1982935}.Release|x86.ActiveCfg = Release|x86
		{64F96744-8154-4C2A-9539-F5B0A1982935}.Release|x86.Build.0 = Release|x86
		{488340DB-6745-4390-BB41-9D5F81A2005D}.Debug|Any CPU.ActiveCfg = Debug|Any CPU
		{488340DB-6745-4390-BB41-9D5F81A2005D}.Debug|Any CPU.Build.0 = Debug|Any CPU
		{488340DB-6745-4390-BB41-9D5F81A2005D}.Debug|x64.ActiveCfg = Debug|x64
		{488340DB-6745-4390-BB41-9D5F81A2005D}.Debug|x64.Build.0 = Debug|x64
		{488340DB-6745-4390-BB41-9D5F81A2005D}.Debug|x86.ActiveCfg = Debug|x86
		{488340DB-6745-4390-BB41-9D5F81A2005D}.Debug|x86.Build.0 = Debug|x86
		{488340DB-6745-4390-BB41-9D5F81A2005D}.Release|Any CPU.ActiveCfg = Release|Any CPU
		{488340DB-6745-4390-BB41-9D5F81A2005D}.Release|Any CPU.Build.0 = Release|Any CPU
		{488340DB-6745-4390-BB41-9D5F81A2005D}.Release|x64.ActiveCfg = Release|x64
		{488340DB-6745-4390-BB41-9D5F81A2005D}.Release|x64.Build.0 = Release|x64
		{488340DB-6745-4390-BB41-9D5F81A2005D}.Release|x86.ActiveCfg = Release|x86
		{488340DB-6745-4390-BB41-9D5F81A2005D}.Release|x86.Build.0 = Release|x86
		{A135F3D2-1ADE-489F-A62E-3FE4C5917A1B}.Debug|Any CPU.ActiveCfg = Debug|Any CPU
		{A135F3D2-1ADE-489F-A62E-3FE4C5917A1B}.Debug|Any CPU.Build.0 = Debug|Any CPU
		{A135F3D2-1ADE-489F-A62E-3FE4C5917A1B}.Debug|x64.ActiveCfg = Debug|x64
		{A135F3D2-1ADE-489F-A62E-3FE4C5917A1B}.Debug|x64.Build.0 = Debug|x64
		{A135F3D2-1ADE-489F-A62E-3FE4C5917A1B}.Debug|x86.ActiveCfg = Debug|x86
		{A135F3D2-1ADE-489F-A62E-3FE4C5917A1B}.Debug|x86.Build.0 = Debug|x86
		{A135F3D2-1ADE-489F-A62E-3FE4C5917A1B}.Release|Any CPU.ActiveCfg = Release|Any CPU
		{A135F3D2-1ADE-489F-A62E-3FE4C5917A1B}.Release|Any CPU.Build.0 = Release|Any CPU
		{A135F3D2-1ADE-489F-A62E-3FE4C5917A1B}.Release|x64.ActiveCfg = Release|x64
		{A135F3D2-1ADE-489F-A62E-3FE4C5917A1B}.Release|x64.Build.0 = Release|x64
		{A135F3D2-1ADE-489F-A62E-3FE4C5917A1B}.Release|x86.ActiveCfg = Release|x86
		{A135F3D2-1ADE-489F-A62E-3FE4C5917A1B}.Release|x86.Build.0 = Release|x86
		{98F1233F-6CA0-4609-AB11-E6047CF38E0F}.Debug|Any CPU.ActiveCfg = Debug|Any CPU
		{98F1233F-6CA0-4609-AB11-E6047CF38E0F}.Debug|Any CPU.Build.0 = Debug|Any CPU
		{98F1233F-6CA0-4609-AB11-E6047CF38E0F}.Debug|x64.ActiveCfg = Debug|x64
		{98F1233F-6CA0-4609-AB11-E6047CF38E0F}.Debug|x64.Build.0 = Debug|x64
		{98F1233F-6CA0-4609-AB11-E6047CF38E0F}.Debug|x86.ActiveCfg = Debug|x86
		{98F1233F-6CA0-4609-AB11-E6047CF38E0F}.Debug|x86.Build.0 = Debug|x86
		{98F1233F-6CA0-4609-AB11-E6047CF38E0F}.Release|Any CPU.ActiveCfg = Release|Any CPU
		{98F1233F-6CA0-4609-AB11-E6047CF38E0F}.Release|Any CPU.Build.0 = Release|Any CPU
		{98F1233F-6CA0-4609-AB11-E6047CF38E0F}.Release|x64.ActiveCfg = Release|x64
		{98F1233F-6CA0-4609-AB11-E6047CF38E0F}.Release|x64.Build.0 = Release|x64
		{98F1233F-6CA0-4609-AB11-E6047CF38E0F}.Release|x86.ActiveCfg = Release|x86
		{98F1233F-6CA0-4609-AB11-E6047CF38E0F}.Release|x86.Build.0 = Release|x86
		{1B28C9A2-4759-4B29-A773-77FBA448069B}.Debug|Any CPU.ActiveCfg = Debug|Any CPU
		{1B28C9A2-4759-4B29-A773-77FBA448069B}.Debug|Any CPU.Build.0 = Debug|Any CPU
		{1B28C9A2-4759-4B29-A773-77FBA448069B}.Debug|x64.ActiveCfg = Debug|x64
		{1B28C9A2-4759-4B29-A773-77FBA448069B}.Debug|x64.Build.0 = Debug|x64
		{1B28C9A2-4759-4B29-A773-77FBA448069B}.Debug|x86.ActiveCfg = Debug|x86
		{1B28C9A2-4759-4B29-A773-77FBA448069B}.Debug|x86.Build.0 = Debug|x86
		{1B28C9A2-4759-4B29-A773-77FBA448069B}.Release|Any CPU.ActiveCfg = Release|Any CPU
		{1B28C9A2-4759-4B29-A773-77FBA448069B}.Release|Any CPU.Build.0 = Release|Any CPU
		{1B28C9A2-4759-4B29-A773-77FBA448069B}.Release|x64.ActiveCfg = Release|x64
		{1B28C9A2-4759-4B29-A773-77FBA448069B}.Release|x64.Build.0 = Release|x64
		{1B28C9A2-4759-4B29-A773-77FBA448069B}.Release|x86.ActiveCfg = Release|x86
		{1B28C9A2-4759-4B29-A773-77FBA448069B}.Release|x86.Build.0 = Release|x86
		{1C5E7E03-E256-42A2-A3E5-039D56692DBD}.Debug|Any CPU.ActiveCfg = Debug|Any CPU
		{1C5E7E03-E256-42A2-A3E5-039D56692DBD}.Debug|Any CPU.Build.0 = Debug|Any CPU
		{1C5E7E03-E256-42A2-A3E5-039D56692DBD}.Debug|x64.ActiveCfg = Debug|x64
		{1C5E7E03-E256-42A2-A3E5-039D56692DBD}.Debug|x64.Build.0 = Debug|x64
		{1C5E7E03-E256-42A2-A3E5-039D56692DBD}.Debug|x86.ActiveCfg = Debug|x86
		{1C5E7E03-E256-42A2-A3E5-039D56692DBD}.Debug|x86.Build.0 = Debug|x86
		{1C5E7E03-E256-42A2-A3E5-039D56692DBD}.Release|Any CPU.ActiveCfg = Release|Any CPU
		{1C5E7E03-E256-42A2-A3E5-039D56692DBD}.Release|Any CPU.Build.0 = Release|Any CPU
		{1C5E7E03-E256-42A2-A3E5-039D56692DBD}.Release|x64.ActiveCfg = Release|x64
		{1C5E7E03-E256-42A2-A3E5-039D56692DBD}.Release|x64.Build.0 = Release|x64
		{1C5E7E03-E256-42A2-A3E5-039D56692DBD}.Release|x86.ActiveCfg = Release|x86
		{1C5E7E03-E256-42A2-A3E5-039D56692DBD}.Release|x86.Build.0 = Release|x86
		{64BE32BA-9279-400C-93E9-FB0C6D2A9A0A}.Debug|Any CPU.ActiveCfg = Debug|Any CPU
		{64BE32BA-9279-400C-93E9-FB0C6D2A9A0A}.Debug|Any CPU.Build.0 = Debug|Any CPU
		{64BE32BA-9279-400C-93E9-FB0C6D2A9A0A}.Debug|x64.ActiveCfg = Debug|x64
		{64BE32BA-9279-400C-93E9-FB0C6D2A9A0A}.Debug|x64.Build.0 = Debug|x64
		{64BE32BA-9279-400C-93E9-FB0C6D2A9A0A}.Debug|x86.ActiveCfg = Debug|x86
		{64BE32BA-9279-400C-93E9-FB0C6D2A9A0A}.Debug|x86.Build.0 = Debug|x86
		{64BE32BA-9279-400C-93E9-FB0C6D2A9A0A}.Release|Any CPU.ActiveCfg = Release|Any CPU
		{64BE32BA-9279-400C-93E9-FB0C6D2A9A0A}.Release|Any CPU.Build.0 = Release|Any CPU
		{64BE32BA-9279-400C-93E9-FB0C6D2A9A0A}.Release|x64.ActiveCfg = Release|x64
		{64BE32BA-9279-400C-93E9-FB0C6D2A9A0A}.Release|x64.Build.0 = Release|x64
		{64BE32BA-9279-400C-93E9-FB0C6D2A9A0A}.Release|x86.ActiveCfg = Release|x86
		{64BE32BA-9279-400C-93E9-FB0C6D2A9A0A}.Release|x86.Build.0 = Release|x86
		{18B5BD37-28B5-45B1-A346-4FA4E331AAB6}.Debug|Any CPU.ActiveCfg = Debug|Any CPU
		{18B5BD37-28B5-45B1-A346-4FA4E331AAB6}.Debug|Any CPU.Build.0 = Debug|Any CPU
		{18B5BD37-28B5-45B1-A346-4FA4E331AAB6}.Debug|x64.ActiveCfg = Debug|x64
		{18B5BD37-28B5-45B1-A346-4FA4E331AAB6}.Debug|x64.Build.0 = Debug|x64
		{18B5BD37-28B5-45B1-A346-4FA4E331AAB6}.Debug|x86.ActiveCfg = Debug|x86
		{18B5BD37-28B5-45B1-A346-4FA4E331AAB6}.Debug|x86.Build.0 = Debug|x86
		{18B5BD37-28B5-45B1-A346-4FA4E331AAB6}.Release|Any CPU.ActiveCfg = Release|Any CPU
		{18B5BD37-28B5-45B1-A346-4FA4E331AAB6}.Release|Any CPU.Build.0 = Release|Any CPU
		{18B5BD37-28B5-45B1-A346-4FA4E331AAB6}.Release|x64.ActiveCfg = Release|x64
		{18B5BD37-28B5-45B1-A346-4FA4E331AAB6}.Release|x64.Build.0 = Release|x64
		{18B5BD37-28B5-45B1-A346-4FA4E331AAB6}.Release|x86.ActiveCfg = Release|x86
		{18B5BD37-28B5-45B1-A346-4FA4E331AAB6}.Release|x86.Build.0 = Release|x86
	EndGlobalSection
	GlobalSection(SolutionProperties) = preSolution
		HideSolutionNode = FALSE
	EndGlobalSection
	GlobalSection(NestedProjects) = preSolution
		{1B28C9A2-4759-4B29-A773-77FBA448069B} = {A5B6319F-9323-4C12-A686-ACBAF8B4C2B6}
		{64BE32BA-9279-400C-93E9-FB0C6D2A9A0A} = {A5B6319F-9323-4C12-A686-ACBAF8B4C2B6}
		{18B5BD37-28B5-45B1-A346-4FA4E331AAB6} = {A5B6319F-9323-4C12-A686-ACBAF8B4C2B6}
	EndGlobalSection
EndGlobal
